
Microsoft Visual Studio Solution File, Format Version 12.00
# Visual Studio 15
Project("{FAE04EC0-301F-11D3-BF4B-00C04F79EFBC}") = "Assembly-CSharp", "Assembly-CSharp.csproj", "{410CC3A6-E0FD-30FD-6B59-5468ADAB17DF}"
EndProject
Global
	GlobalSection(SolutionConfigurationPlatforms) = preSolution
		Debug|Any CPU = Debug|Any CPU
		Release|Any CPU = Release|Any CPU
	EndGlobalSection
	GlobalSection(ProjectConfigurationPlatforms) = postSolution
		{410CC3A6-E0FD-30FD-6B59-5468ADAB17DF}.Debug|Any CPU.ActiveCfg = Debug|Any CPU
		{410CC3A6-E0FD-30FD-6B59-5468ADAB17DF}.Debug|Any CPU.Build.0 = Debug|Any CPU
		{410CC3A6-E0FD-30FD-6B59-5468ADAB17DF}.Release|Any CPU.ActiveCfg = Release|Any CPU
		{410CC3A6-E0FD-30FD-6B59-5468ADAB17DF}.Release|Any CPU.Build.0 = Release|Any CPU
	EndGlobalSection
	GlobalSection(SolutionProperties) = preSolution
		HideSolutionNode = FALSE
	EndGlobalSection
EndGlobal
